		
Microsoft Visual Studio Solution File, Format Version 12.00
# Visual Studio Version 17
VisualStudioVersion = 17.3.32922.545
MinimumVisualStudioVersion = 10.0.40219.1
Project("{9A19103F-16F7-4668-BE54-9A1E7A4F7556}") = "DataStructures", "DataStructures\DataStructures.csproj", "{B42EFD6A-DD32-4DE1-9D1D-DF61CA7D1AD5}"
EndProject
Project("{9A19103F-16F7-4668-BE54-9A1E7A4F7556}") = "Algorithms", "Algorithms\Algorithms.csproj", "{D5F88514-9B1A-4FFE-8151-38BA911A5E3B}"
EndProject
Project("{9A19103F-16F7-4668-BE54-9A1E7A4F7556}") = "DataStructuresTests", "DataStructuresTests\DataStructuresTests.csproj", "{5E0154C9-9D8C-4346-B0AA-282899CA1AC8}"
EndProject
Project("{9A19103F-16F7-4668-BE54-9A1E7A4F7556}") = "AlgorithmsTests", "AlgorithmsTests\AlgorithmsTests.csproj", "{E7B96993-2B9D-41C7-99AB-965EF806A96F}"
EndProject
Project("{9A19103F-16F7-4668-BE54-9A1E7A4F7556}") = "ConsoleApp", "ConsoleApp\ConsoleApp.csproj", "{412CBB5B-A6E4-46E2-B4E4-B34D7CC5D01A}"
EndProject
Project("{FAE04EC0-301F-11D3-BF4B-00C04F79EFBC}") = "Crypto", "Crypto\Crypto.csproj", "{E63169FF-77B2-4F51-8D9C-5BFBBDC06B58}"
EndProject
Global
	GlobalSection(SolutionConfigurationPlatforms) = preSolution
		Debug|Any CPU = Debug|Any CPU
		Release|Any CPU = Release|Any CPU
	EndGlobalSection
	GlobalSection(ProjectConfigurationPlatforms) = postSolution
		{B42EFD6A-DD32-4DE1-9D1D-DF61CA7D1AD5}.Debug|Any CPU.ActiveCfg = Debug|Any CPU
		{B42EFD6A-DD32-4DE1-9D1D-DF61CA7D1AD5}.Debug|Any CPU.Build.0 = Debug|Any CPU
		{B42EFD6A-DD32-4DE1-9D1D-DF61CA7D1AD5}.Release|Any CPU.ActiveCfg = Release|Any CPU
		{B42EFD6A-DD32-4DE1-9D1D-DF61CA7D1AD5}.Release|Any CPU.Build.0 = Release|Any CPU
		{D5F88514-9B1A-4FFE-8151-38BA911A5E3B}.Debug|Any CPU.ActiveCfg = Debug|Any CPU
		{D5F88514-9B1A-4FFE-8151-38BA911A5E3B}.Debug|Any CPU.Build.0 = Debug|Any CPU
		{D5F88514-9B1A-4FFE-8151-38BA911A5E3B}.Release|Any CPU.ActiveCfg = Release|Any CPU
		{D5F88514-9B1A-4FFE-8151-38BA911A5E3B}.Release|Any CPU.Build.0 = Release|Any CPU
		{5E0154C9-9D8C-4346-B0AA-282899CA1AC8}.Debug|Any CPU.ActiveCfg = Debug|Any CPU
		{5E0154C9-9D8C-4346-B0AA-282899CA1AC8}.Debug|Any CPU.Build.0 = Debug|Any CPU
		{5E0154C9-9D8C-4346-B0AA-282899CA1AC8}.Release|Any CPU.ActiveCfg = Release|Any CPU
		{5E0154C9-9D8C-4346-B0AA-282899CA1AC8}.Release|Any CPU.Build.0 = Release|Any CPU
		{E7B96993-2B9D-41C7-99AB-965EF806A96F}.Debug|Any CPU.ActiveCfg = Debug|Any CPU
		{E7B96993-2B9D-41C7-99AB-965EF806A96F}.Debug|Any CPU.Build.0 = Debug|Any CPU
		{E7B96993-2B9D-41C7-99AB-965EF806A96F}.Release|Any CPU.ActiveCfg = Release|Any CPU
		{E7B96993-2B9D-41C7-99AB-965EF806A96F}.Release|Any CPU.Build.0 = Release|Any CPU
		{412CBB5B-A6E4-46E2-B4E4-B34D7CC5D01A}.Debug|Any CPU.ActiveCfg = Debug|Any CPU
		{412CBB5B-A6E4-46E2-B4E4-B34D7CC5D01A}.Debug|Any CPU.Build.0 = Debug|Any CPU
		{412CBB5B-A6E4-46E2-B4E4-B34D7CC5D01A}.Release|Any CPU.ActiveCfg = Release|Any CPU
		{412CBB5B-A6E4-46E2-B4E4-B34D7CC5D01A}.Release|Any CPU.Build.0 = Release|Any CPU
		{E63169FF-77B2-4F51-8D9C-5BFBBDC06B58}.Debug|Any CPU.ActiveCfg = Debug|Any CPU
		{E63169FF-77B2-4F51-8D9C-5BFBBDC06B58}.Debug|Any CPU.Build.0 = Debug|Any CPU
		{E63169FF-77B2-4F51-8D9C-5BFBBDC06B58}.Release|Any CPU.ActiveCfg = Release|Any CPU
		{E63169FF-77B2-4F51-8D9C-5BFBBDC06B58}.Release|Any CPU.Build.0 = Release|Any CPU
	EndGlobalSection
	GlobalSection(SolutionProperties) = preSolution
		HideSolutionNode = FALSE
	EndGlobalSection
	GlobalSection(NestedProjects) = preSolution
	EndGlobalSection
	GlobalSection(ExtensibilityGlobals) = postSolution
		SolutionGuid = {74E12C0F-7DC5-4CE2-9077-A7FC7E372B22}
	EndGlobalSection
EndGlobal
